// !$*UTF8*$!
{
	archiveVersion = 1;
	classes = {
	};
	objectVersion = 50;
	objects = {

/* Begin PBXBuildFile section */
		49AB2968268A156F00251092 /* fizz_buzzApp.swift in Sources */ = {isa = PBXBuildFile; fileRef = 49AB2967268A156F00251092 /* fizz_buzzApp.swift */; };
		49AB296A268A156F00251092 /* ContentView.swift in Sources */ = {isa = PBXBuildFile; fileRef = 49AB2969268A156F00251092 /* ContentView.swift */; };
		49AB296C268A157400251092 /* Assets.xcassets in Resources */ = {isa = PBXBuildFile; fileRef = 49AB296B268A157400251092 /* Assets.xcassets */; };
		49AB296F268A157400251092 /* Preview Assets.xcassets in Resources */ = {isa = PBXBuildFile; fileRef = 49AB296E268A157400251092 /* Preview Assets.xcassets */; };
		49AB297A268A157500251092 /* fizz_buzzTests.swift in Sources */ = {isa = PBXBuildFile; fileRef = 49AB2979268A157500251092 /* fizz_buzzTests.swift */; };
		49AB2985268A157500251092 /* fizz_buzzUITests.swift in Sources */ = {isa = PBXBuildFile; fileRef = 49AB2984268A157500251092 /* fizz_buzzUITests.swift */; };
/* End PBXBuildFile section */

/* Begin PBXContainerItemProxy section */
		49AB2976268A157500251092 /* PBXContainerItemProxy */ = {
			isa = PBXContainerItemProxy;
			containerPortal = 49AB295C268A156F00251092 /* Project object */;
			proxyType = 1;
			remoteGlobalIDString = 49AB2963268A156F00251092;
			remoteInfo = "fizz-buzz";
		};
		49AB2981268A157500251092 /* PBXContainerItemProxy */ = {
			isa = PBXContainerItemProxy;
			containerPortal = 49AB295C268A156F00251092 /* Project object */;
			proxyType = 1;
			remoteGlobalIDString = 49AB2963268A156F00251092;
			remoteInfo = "fizz-buzz";
		};
/* End PBXContainerItemProxy section */

/* Begin PBXFileReference section */
		49AB2964268A156F00251092 /* fizz-buzz.app */ = {isa = PBXFileReference; explicitFileType = wrapper.application; includeInIndex = 0; path = "fizz-buzz.app"; sourceTree = BUILT_PRODUCTS_DIR; };
		49AB2967268A156F00251092 /* fizz_buzzApp.swift */ = {isa = PBXFileReference; lastKnownFileType = sourcecode.swift; path = fizz_buzzApp.swift; sourceTree = "<group>"; };
		49AB2969268A156F00251092 /* ContentView.swift */ = {isa = PBXFileReference; lastKnownFileType = sourcecode.swift; path = ContentView.swift; sourceTree = "<group>"; };
		49AB296B268A157400251092 /* Assets.xcassets */ = {isa = PBXFileReference; lastKnownFileType = folder.assetcatalog; path = Assets.xcassets; sourceTree = "<group>"; };
		49AB296E268A157400251092 /* Preview Assets.xcassets */ = {isa = PBXFileReference; lastKnownFileType = folder.assetcatalog; path = "Preview Assets.xcassets"; sourceTree = "<group>"; };
		49AB2970268A157400251092 /* Info.plist */ = {isa = PBXFileReference; lastKnownFileType = text.plist.xml; path = Info.plist; sourceTree = "<group>"; };
		49AB2975268A157500251092 /* fizz-buzzTests.xctest */ = {isa = PBXFileReference; explicitFileType = wrapper.cfbundle; includeInIndex = 0; path = "fizz-buzzTests.xctest"; sourceTree = BUILT_PRODUCTS_DIR; };
		49AB2979268A157500251092 /* fizz_buzzTests.swift */ = {isa = PBXFileReference; lastKnownFileType = sourcecode.swift; path = fizz_buzzTests.swift; sourceTree = "<group>"; };
		49AB297B268A157500251092 /* Info.plist */ = {isa = PBXFileReference; lastKnownFileType = text.plist.xml; path = Info.plist; sourceTree = "<group>"; };
		49AB2980268A157500251092 /* fizz-buzzUITests.xctest */ = {isa = PBXFileReference; explicitFileType = wrapper.cfbundle; includeInIndex = 0; path = "fizz-buzzUITests.xctest"; sourceTree = BUILT_PRODUCTS_DIR; };
		49AB2984268A157500251092 /* fizz_buzzUITests.swift */ = {isa = PBXFileReference; lastKnownFileType = sourcecode.swift; path = fizz_buzzUITests.swift; sourceTree = "<group>"; };
		49AB2986268A157500251092 /* Info.plist */ = {isa = PBXFileReference; lastKnownFileType = text.plist.xml; path = Info.plist; sourceTree = "<group>"; };
/* End PBXFileReference section */

/* Begin PBXFrameworksBuildPhase section */
		49AB2961268A156F00251092 /* Frameworks */ = {
			isa = PBXFrameworksBuildPhase;
			buildActionMask = 2147483647;
			files = (
			);
			runOnlyForDeploymentPostprocessing = 0;
		};
		49AB2972268A157500251092 /* Frameworks */ = {
			isa = PBXFrameworksBuildPhase;
			buildActionMask = 2147483647;
			files = (
			);
			runOnlyForDeploymentPostprocessing = 0;
		};
		49AB297D268A157500251092 /* Frameworks */ = {
			isa = PBXFrameworksBuildPhase;
			buildActionMask = 2147483647;
			files = (
			);
			runOnlyForDeploymentPostprocessing = 0;
		};
/* End PBXFrameworksBuildPhase section */

/* Begin PBXGroup section */
		49AB295B268A156F00251092 = {
			isa = PBXGroup;
			children = (
				49AB2966268A156F00251092 /* fizz-buzz */,
				49AB2978268A157500251092 /* fizz-buzzTests */,
				49AB2983268A157500251092 /* fizz-buzzUITests */,
				49AB2965268A156F00251092 /* Products */,
			);
			sourceTree = "<group>";
		};
		49AB2965268A156F00251092 /* Products */ = {
			isa = PBXGroup;
			children = (
				49AB2964268A156F00251092 /* fizz-buzz.app */,
				49AB2975268A157500251092 /* fizz-buzzTests.xctest */,
				49AB2980268A157500251092 /* fizz-buzzUITests.xctest */,
			);
			name = Products;
			sourceTree = "<group>";
		};
		49AB2966268A156F00251092 /* fizz-buzz */ = {
			isa = PBXGroup;
			children = (
				49AB2967268A156F00251092 /* fizz_buzzApp.swift */,
				49AB2969268A156F00251092 /* ContentView.swift */,
				49AB296B268A157400251092 /* Assets.xcassets */,
				49AB2970268A157400251092 /* Info.plist */,
				49AB296D268A157400251092 /* Preview Content */,
			);
			path = "fizz-buzz";
			sourceTree = "<group>";
		};
		49AB296D268A157400251092 /* Preview Content */ = {
			isa = PBXGroup;
			children = (
				49AB296E268A157400251092 /* Preview Assets.xcassets */,
			);
			path = "Preview Content";
			sourceTree = "<group>";
		};
		49AB2978268A157500251092 /* fizz-buzzTests */ = {
			isa = PBXGroup;
			children = (
				49AB2979268A157500251092 /* fizz_buzzTests.swift */,
				49AB297B268A157500251092 /* Info.plist */,
			);
			path = "fizz-buzzTests";
			sourceTree = "<group>";
		};
		49AB2983268A157500251092 /* fizz-buzzUITests */ = {
			isa = PBXGroup;
			children = (
				49AB2984268A157500251092 /* fizz_buzzUITests.swift */,
				49AB2986268A157500251092 /* Info.plist */,
			);
			path = "fizz-buzzUITests";
			sourceTree = "<group>";
		};
/* End PBXGroup section */

/* Begin PBXNativeTarget section */
		49AB2963268A156F00251092 /* fizz-buzz */ = {
			isa = PBXNativeTarget;
			buildConfigurationList = 49AB2989268A157500251092 /* Build configuration list for PBXNativeTarget "fizz-buzz" */;
			buildPhases = (
				49AB2960268A156F00251092 /* Sources */,
				49AB2961268A156F00251092 /* Frameworks */,
				49AB2962268A156F00251092 /* Resources */,
			);
			buildRules = (
			);
			dependencies = (
			);
			name = "fizz-buzz";
			productName = "fizz-buzz";
			productReference = 49AB2964268A156F00251092 /* fizz-buzz.app */;
			productType = "com.apple.product-type.application";
		};
		49AB2974268A157500251092 /* fizz-buzzTests */ = {
			isa = PBXNativeTarget;
			buildConfigurationList = 49AB298C268A157500251092 /* Build configuration list for PBXNativeTarget "fizz-buzzTests" */;
			buildPhases = (
				49AB2971268A157500251092 /* Sources */,
				49AB2972268A157500251092 /* Frameworks */,
				49AB2973268A157500251092 /* Resources */,
			);
			buildRules = (
			);
			dependencies = (
				49AB2977268A157500251092 /* PBXTargetDependency */,
			);
			name = "fizz-buzzTests";
			productName = "fizz-buzzTests";
			productReference = 49AB2975268A157500251092 /* fizz-buzzTests.xctest */;
			productType = "com.apple.product-type.bundle.unit-test";
		};
		49AB297F268A157500251092 /* fizz-buzzUITests */ = {
			isa = PBXNativeTarget;
			buildConfigurationList = 49AB298F268A157500251092 /* Build configuration list for PBXNativeTarget "fizz-buzzUITests" */;
			buildPhases = (
				49AB297C268A157500251092 /* Sources */,
				49AB297D268A157500251092 /* Frameworks */,
				49AB297E268A157500251092 /* Resources */,
			);
			buildRules = (
			);
			dependencies = (
				49AB2982268A157500251092 /* PBXTargetDependency */,
			);
			name = "fizz-buzzUITests";
			productName = "fizz-buzzUITests";
			productReference = 49AB2980268A157500251092 /* fizz-buzzUITests.xctest */;
			productType = "com.apple.product-type.bundle.ui-testing";
		};
/* End PBXNativeTarget section */

/* Begin PBXProject section */
		49AB295C268A156F00251092 /* Project object */ = {
			isa = PBXProject;
			attributes = {
				LastSwiftUpdateCheck = 1250;
				LastUpgradeCheck = 1250;
				TargetAttributes = {
					49AB2963268A156F00251092 = {
						CreatedOnToolsVersion = 12.5.1;
					};
					49AB2974268A157500251092 = {
						CreatedOnToolsVersion = 12.5.1;
						TestTargetID = 49AB2963268A156F00251092;
					};
					49AB297F268A157500251092 = {
						CreatedOnToolsVersion = 12.5.1;
						TestTargetID = 49AB2963268A156F00251092;
					};
				};
			};
			buildConfigurationList = 49AB295F268A156F00251092 /* Build configuration list for PBXProject "fizz-buzz" */;
			compatibilityVersion = "Xcode 9.3";
			developmentRegion = en;
			hasScannedForEncodings = 0;
			knownRegions = (
				en,
				Base,
			);
			mainGroup = 49AB295B268A156F00251092;
			productRefGroup = 49AB2965268A156F00251092 /* Products */;
			projectDirPath = "";
			projectRoot = "";
			targets = (
				49AB2963268A156F00251092 /* fizz-buzz */,
				49AB2974268A157500251092 /* fizz-buzzTests */,
				49AB297F268A157500251092 /* fizz-buzzUITests */,
			);
		};
/* End PBXProject section */

/* Begin PBXResourcesBuildPhase section */
		49AB2962268A156F00251092 /* Resources */ = {
			isa = PBXResourcesBuildPhase;
			buildActionMask = 2147483647;
			files = (
				49AB296F268A157400251092 /* Preview Assets.xcassets in Resources */,
				49AB296C268A157400251092 /* Assets.xcassets in Resources */,
			);
			runOnlyForDeploymentPostprocessing = 0;
		};
		49AB2973268A157500251092 /* Resources */ = {
			isa = PBXResourcesBuildPhase;
			buildActionMask = 2147483647;
			files = (
			);
			runOnlyForDeploymentPostprocessing = 0;
		};
		49AB297E268A157500251092 /* Resources */ = {
			isa = PBXResourcesBuildPhase;
			buildActionMask = 2147483647;
			files = (
			);
			runOnlyForDeploymentPostprocessing = 0;
		};
/* End PBXResourcesBuildPhase section */

/* Begin PBXSourcesBuildPhase section */
		49AB2960268A156F00251092 /* Sources */ = {
			isa = PBXSourcesBuildPhase;
			buildActionMask = 2147483647;
			files = (
				49AB296A268A156F00251092 /* ContentView.swift in Sources */,
				49AB2968268A156F00251092 /* fizz_buzzApp.swift in Sources */,
			);
			runOnlyForDeploymentPostprocessing = 0;
		};
		49AB2971268A157500251092 /* Sources */ = {
			isa = PBXSourcesBuildPhase;
			buildActionMask = 2147483647;
			files = (
				49AB297A268A157500251092 /* fizz_buzzTests.swift in Sources */,
			);
			runOnlyForDeploymentPostprocessing = 0;
		};
		49AB297C268A157500251092 /* Sources */ = {
			isa = PBXSourcesBuildPhase;
			buildActionMask = 2147483647;
			files = (
				49AB2985268A157500251092 /* fizz_buzzUITests.swift in Sources */,
			);
			runOnlyForDeploymentPostprocessing = 0;
		};
/* End PBXSourcesBuildPhase section */

/* Begin PBXTargetDependency section */
		49AB2977268A157500251092 /* PBXTargetDependency */ = {
			isa = PBXTargetDependency;
			target = 49AB2963268A156F00251092 /* fizz-buzz */;
			targetProxy = 49AB2976268A157500251092 /* PBXContainerItemProxy */;
		};
		49AB2982268A157500251092 /* PBXTargetDependency */ = {
			isa = PBXTargetDependency;
			target = 49AB2963268A156F00251092 /* fizz-buzz */;
			targetProxy = 49AB2981268A157500251092 /* PBXContainerItemProxy */;
		};
/* End PBXTargetDependency section */

/* Begin XCBuildConfiguration section */
		49AB2987268A157500251092 /* Debug */ = {
			isa = XCBuildConfiguration;
			buildSettings = {
				ALWAYS_SEARCH_USER_PATHS = NO;
				CLANG_ANALYZER_NONNULL = YES;
				CLANG_ANALYZER_NUMBER_OBJECT_CONVERSION = YES_AGGRESSIVE;
				CLANG_CXX_LANGUAGE_STANDARD = "gnu++14";
				CLANG_CXX_LIBRARY = "libc++";
				CLANG_ENABLE_MODULES = YES;
				CLANG_ENABLE_OBJC_ARC = YES;
				CLANG_ENABLE_OBJC_WEAK = YES;
				CLANG_WARN_BLOCK_CAPTURE_AUTORELEASING = YES;
				CLANG_WARN_BOOL_CONVERSION = YES;
				CLANG_WARN_COMMA = YES;
				CLANG_WARN_CONSTANT_CONVERSION = YES;
				CLANG_WARN_DEPRECATED_OBJC_IMPLEMENTATIONS = YES;
				CLANG_WARN_DIRECT_OBJC_ISA_USAGE = YES_ERROR;
				CLANG_WARN_DOCUMENTATION_COMMENTS = YES;
				CLANG_WARN_EMPTY_BODY = YES;
				CLANG_WARN_ENUM_CONVERSION = YES;
				CLANG_WARN_INFINITE_RECURSION = YES;
				CLANG_WARN_INT_CONVERSION = YES;
				CLANG_WARN_NON_LITERAL_NULL_CONVERSION = YES;
				CLANG_WARN_OBJC_IMPLICIT_RETAIN_SELF = YES;
				CLANG_WARN_OBJC_LITERAL_CONVERSION = YES;
				CLANG_WARN_OBJC_ROOT_CLASS = YES_ERROR;
				CLANG_WARN_QUOTED_INCLUDE_IN_FRAMEWORK_HEADER = YES;
				CLANG_WARN_RANGE_LOOP_ANALYSIS = YES;
				CLANG_WARN_STRICT_PROTOTYPES = YES;
				CLANG_WARN_SUSPICIOUS_MOVE = YES;
				CLANG_WARN_UNGUARDED_AVAILABILITY = YES_AGGRESSIVE;
				CLANG_WARN_UNREACHABLE_CODE = YES;
				CLANG_WARN__DUPLICATE_METHOD_MATCH = YES;
				COPY_PHASE_STRIP = NO;
				DEBUG_INFORMATION_FORMAT = dwarf;
				ENABLE_STRICT_OBJC_MSGSEND = YES;
				ENABLE_TESTABILITY = YES;
				GCC_C_LANGUAGE_STANDARD = gnu11;
				GCC_DYNAMIC_NO_PIC = NO;
				GCC_NO_COMMON_BLOCKS = YES;
				GCC_OPTIMIZATION_LEVEL = 0;
				GCC_PREPROCESSOR_DEFINITIONS = (
					"DEBUG=1",
					"$(inherited)",
				);
				GCC_WARN_64_TO_32_BIT_CONVERSION = YES;
				GCC_WARN_ABOUT_RETURN_TYPE = YES_ERROR;
				GCC_WARN_UNDECLARED_SELECTOR = YES;
				GCC_WARN_UNINITIALIZED_AUTOS = YES_AGGRESSIVE;
				GCC_WARN_UNUSED_FUNCTION = YES;
				GCC_WARN_UNUSED_VARIABLE = YES;
				IPHONEOS_DEPLOYMENT_TARGET = 14.5;
				MTL_ENABLE_DEBUG_INFO = INCLUDE_SOURCE;
				MTL_FAST_MATH = YES;
				ONLY_ACTIVE_ARCH = YES;
				SDKROOT = iphoneos;
				SWIFT_ACTIVE_COMPILATION_CONDITIONS = DEBUG;
				SWIFT_OPTIMIZATION_LEVEL = "-Onone";
			};
			name = Debug;
		};
		49AB2988268A157500251092 /* Release */ = {
			isa = XCBuildConfiguration;
			buildSettings = {
				ALWAYS_SEARCH_USER_PATHS = NO;
				CLANG_ANALYZER_NONNULL = YES;
				CLANG_ANALYZER_NUMBER_OBJECT_CONVERSION = YES_AGGRESSIVE;
				CLANG_CXX_LANGUAGE_STANDARD = "gnu++14";
				CLANG_CXX_LIBRARY = "libc++";
				CLANG_ENABLE_MODULES = YES;
				CLANG_ENABLE_OBJC_ARC = YES;
				CLANG_ENABLE_OBJC_WEAK = YES;
				CLANG_WARN_BLOCK_CAPTURE_AUTORELEASING = YES;
				CLANG_WARN_BOOL_CONVERSION = YES;
				CLANG_WARN_COMMA = YES;
				CLANG_WARN_CONSTANT_CONVERSION = YES;
				CLANG_WARN_DEPRECATED_OBJC_IMPLEMENTATIONS = YES;
				CLANG_WARN_DIRECT_OBJC_ISA_USAGE = YES_ERROR;
				CLANG_WARN_DOCUMENTATION_COMMENTS = YES;
				CLANG_WARN_EMPTY_BODY = YES;
				CLANG_WARN_ENUM_CONVERSION = YES;
				CLANG_WARN_INFINITE_RECURSION = YES;
				CLANG_WARN_INT_CONVERSION = YES;
				CLANG_WARN_NON_LITERAL_NULL_CONVERSION = YES;
				CLANG_WARN_OBJC_IMPLICIT_RETAIN_SELF = YES;
				CLANG_WARN_OBJC_LITERAL_CONVERSION = YES;
				CLANG_WARN_OBJC_ROOT_CLASS = YES_ERROR;
				CLANG_WARN_QUOTED_INCLUDE_IN_FRAMEWORK_HEADER = YES;
				CLANG_WARN_RANGE_LOOP_ANALYSIS = YES;
				CLANG_WARN_STRICT_PROTOTYPES = YES;
				CLANG_WARN_SUSPICIOUS_MOVE = YES;
				CLANG_WARN_UNGUARDED_AVAILABILITY = YES_AGGRESSIVE;
				CLANG_WARN_UNREACHABLE_CODE = YES;
				CLANG_WARN__DUPLICATE_METHOD_MATCH = YES;
				COPY_PHASE_STRIP = NO;
				DEBUG_INFORMATION_FORMAT = "dwarf-with-dsym";
				ENABLE_NS_ASSERTIONS = NO;
				ENABLE_STRICT_OBJC_MSGSEND = YES;
				GCC_C_LANGUAGE_STANDARD = gnu11;
				GCC_NO_COMMON_BLOCKS = YES;
				GCC_WARN_64_TO_32_BIT_CONVERSION = YES;
				GCC_WARN_ABOUT_RETURN_TYPE = YES_ERROR;
				GCC_WARN_UNDECLARED_SELECTOR = YES;
				GCC_WARN_UNINITIALIZED_AUTOS = YES_AGGRESSIVE;
				GCC_WARN_UNUSED_FUNCTION = YES;
				GCC_WARN_UNUSED_VARIABLE = YES;
				IPHONEOS_DEPLOYMENT_TARGET = 14.5;
				MTL_ENABLE_DEBUG_INFO = NO;
				MTL_FAST_MATH = YES;
				SDKROOT = iphoneos;
				SWIFT_COMPILATION_MODE = wholemodule;
				SWIFT_OPTIMIZATION_LEVEL = "-O";
				VALIDATE_PRODUCT = YES;
			};
			name = Release;
		};
		49AB298A268A157500251092 /* Debug */ = {
			isa = XCBuildConfiguration;
			buildSettings = {
				ASSETCATALOG_COMPILER_APPICON_NAME = AppIcon;
				ASSETCATALOG_COMPILER_GLOBAL_ACCENT_COLOR_NAME = AccentColor;
				CODE_SIGN_STYLE = Automatic;
				DEVELOPMENT_ASSET_PATHS = "\"fizz-buzz/Preview Content\"";
				DEVELOPMENT_TEAM = 4AA4AV2F4H;
				ENABLE_PREVIEWS = YES;
				INFOPLIST_FILE = "fizz-buzz/Info.plist";
				IPHONEOS_DEPLOYMENT_TARGET = 14.0;
				LD_RUNPATH_SEARCH_PATHS = (
					"$(inherited)",
					"@executable_path/Frameworks",
				);
				PRODUCT_BUNDLE_IDENTIFIER = "com.fabernovel.rougeot.fizz-buzz";
				PRODUCT_NAME = "$(TARGET_NAME)";
				SWIFT_VERSION = 5.0;
				TARGETED_DEVICE_FAMILY = "1,2";
			};
			name = Debug;
		};
		49AB298B268A157500251092 /* Release */ = {
			isa = XCBuildConfiguration;
			buildSettings = {
				ASSETCATALOG_COMPILER_APPICON_NAME = AppIcon;
				ASSETCATALOG_COMPILER_GLOBAL_ACCENT_COLOR_NAME = AccentColor;
				CODE_SIGN_STYLE = Automatic;
				DEVELOPMENT_ASSET_PATHS = "\"fizz-buzz/Preview Content\"";
				DEVELOPMENT_TEAM = 4AA4AV2F4H;
				ENABLE_PREVIEWS = YES;
				INFOPLIST_FILE = "fizz-buzz/Info.plist";
				IPHONEOS_DEPLOYMENT_TARGET = 14.0;
				LD_RUNPATH_SEARCH_PATHS = (
					"$(inherited)",
					"@executable_path/Frameworks",
				);
				PRODUCT_BUNDLE_IDENTIFIER = "com.fabernovel.rougeot.fizz-buzz";
				PRODUCT_NAME = "$(TARGET_NAME)";
				SWIFT_VERSION = 5.0;
				TARGETED_DEVICE_FAMILY = "1,2";
			};
			name = Release;
		};
		49AB298D268A157500251092 /* Debug */ = {
			isa = XCBuildConfiguration;
			buildSettings = {
				ALWAYS_EMBED_SWIFT_STANDARD_LIBRARIES = YES;
				BUNDLE_LOADER = "$(TEST_HOST)";
				CODE_SIGN_STYLE = Automatic;
				DEVELOPMENT_TEAM = 4AA4AV2F4H;
				INFOPLIST_FILE = "fizz-buzzTests/Info.plist";
				IPHONEOS_DEPLOYMENT_TARGET = 14.0;
				LD_RUNPATH_SEARCH_PATHS = (
					"$(inherited)",
					"@executable_path/Frameworks",
					"@loader_path/Frameworks",
				);
				PRODUCT_BUNDLE_IDENTIFIER = "com.fabernovel.rougeot.fizz-buzzTests";
				PRODUCT_NAME = "$(TARGET_NAME)";
				SWIFT_VERSION = 5.0;
				TARGETED_DEVICE_FAMILY = "1,2";
				TEST_HOST = "$(BUILT_PRODUCTS_DIR)/fizz-buzz.app/fizz-buzz";
			};
			name = Debug;
		};
		49AB298E268A157500251092 /* Release */ = {
			isa = XCBuildConfiguration;
			buildSettings = {
				ALWAYS_EMBED_SWIFT_STANDARD_LIBRARIES = YES;
				BUNDLE_LOADER = "$(TEST_HOST)";
				CODE_SIGN_STYLE = Automatic;
				DEVELOPMENT_TEAM = 4AA4AV2F4H;
				INFOPLIST_FILE = "fizz-buzzTests/Info.plist";
				IPHONEOS_DEPLOYMENT_TARGET = 14.0;
				LD_RUNPATH_SEARCH_PATHS = (
					"$(inherited)",
					"@executable_path/Frameworks",
					"@loader_path/Frameworks",
				);
				PRODUCT_BUNDLE_IDENTIFIER = "com.fabernovel.rougeot.fizz-buzzTests";
				PRODUCT_NAME = "$(TARGET_NAME)";
				SWIFT_VERSION = 5.0;
				TARGETED_DEVICE_FAMILY = "1,2";
				TEST_HOST = "$(BUILT_PRODUCTS_DIR)/fizz-buzz.app/fizz-buzz";
			};
			name = Release;
		};
		49AB2990268A157500251092 /* Debug */ = {
			isa = XCBuildConfiguration;
			buildSettings = {
				ALWAYS_EMBED_SWIFT_STANDARD_LIBRARIES = YES;
				CODE_SIGN_STYLE = Automatic;
				DEVELOPMENT_TEAM = 4AA4AV2F4H;
				INFOPLIST_FILE = "fizz-buzzUITests/Info.plist";
				LD_RUNPATH_SEARCH_PATHS = (
					"$(inherited)",
					"@executable_path/Frameworks",
					"@loader_path/Frameworks",
				);
				PRODUCT_BUNDLE_IDENTIFIER = "com.fabernovel.rougeot.fizz-buzzUITests";
				PRODUCT_NAME = "$(TARGET_NAME)";
				SWIFT_VERSION = 5.0;
				TARGETED_DEVICE_FAMILY = "1,2";
				TEST_TARGET_NAME = "fizz-buzz";
			};
			name = Debug;
		};
		49AB2991268A157500251092 /* Release */ = {
			isa = XCBuildConfiguration;
			buildSettings = {
				ALWAYS_EMBED_SWIFT_STANDARD_LIBRARIES = YES;
				CODE_SIGN_STYLE = Automatic;
				DEVELOPMENT_TEAM = 4AA4AV2F4H;
				INFOPLIST_FILE = "fizz-buzzUITests/Info.plist";
				LD_RUNPATH_SEARCH_PATHS = (
					"$(inherited)",
					"@executable_path/Frameworks",
					"@loader_path/Frameworks",
				);
				PRODUCT_BUNDLE_IDENTIFIER = "com.fabernovel.rougeot.fizz-buzzUITests";
				PRODUCT_NAME = "$(TARGET_NAME)";
				SWIFT_VERSION = 5.0;
				TARGETED_DEVICE_FAMILY = "1,2";
				TEST_TARGET_NAME = "fizz-buzz";
			};
			name = Release;
		};
/* End XCBuildConfiguration section */

/* Begin XCConfigurationList section */
		49AB295F268A156F00251092 /* Build configuration list for PBXProject "fizz-buzz" */ = {
			isa = XCConfigurationList;
			buildConfigurations = (
				49AB2987268A157500251092 /* Debug */,
				49AB2988268A157500251092 /* Release */,
			);
			defaultConfigurationIsVisible = 0;
			defaultConfigurationName = Release;
		};
		49AB2989268A157500251092 /* Build configuration list for PBXNativeTarget "fizz-buzz" */ = {
			isa = XCConfigurationList;
			buildConfigurations = (
				49AB298A268A157500251092 /* Debug */,
				49AB298B268A157500251092 /* Release */,
			);
			defaultConfigurationIsVisible = 0;
			defaultConfigurationName = Release;
		};
		49AB298C268A157500251092 /* Build configuration list for PBXNativeTarget "fizz-buzzTests" */ = {
			isa = XCConfigurationList;
			buildConfigurations = (
				49AB298D268A157500251092 /* Debug */,
				49AB298E268A157500251092 /* Release */,
			);
			defaultConfigurationIsVisible = 0;
			defaultConfigurationName = Release;
		};
		49AB298F268A157500251092 /* Build configuration list for PBXNativeTarget "fizz-buzzUITests" */ = {
			isa = XCConfigurationList;
			buildConfigurations = (
				49AB2990268A157500251092 /* Debug */,
				49AB2991268A157500251092 /* Release */,
			);
			defaultConfigurationIsVisible = 0;
			defaultConfigurationName = Release;
		};
/* End XCConfigurationList section */
	};
	rootObject = 49AB295C268A156F00251092 /* Project object */;
}
